
Microsoft Visual Studio Solution File, Format Version 12.00
# Visual Studio Version 17
VisualStudioVersion = 17.14.36518.9
MinimumVisualStudioVersion = 10.0.40219.1
Project("{FAE04EC0-301F-11D3-BF4B-00C04F79EFBC}") = "Decan", "Decan\Decan.csproj", "{9A4FA72D-02D3-4275-A0B4-9781D95A684C}"
EndProject
Project("{FAE04EC0-301F-11D3-BF4B-00C04F79EFBC}") = "BusinessLogic", "BusinessLogic\BusinessLogic.csproj", "{2C191D12-1806-4C3B-BF8F-9E04BE2E18ED}"
EndProject
Project("{FAE04EC0-301F-11D3-BF4B-00C04F79EFBC}") = "Model", "Model\Model.csproj", "{BF3386EF-64A4-4B52-94D3-534DA7E64348}"
EndProject
Project("{FAE04EC0-301F-11D3-BF4B-00C04F79EFBC}") = "ConsoleApp", "ConsoleApp\ConsoleApp.csproj", "{C43AA11D-6708-403B-A965-141762068166}"
EndProject
Project("{FAE04EC0-301F-11D3-BF4B-00C04F79EFBC}") = "DataAccess", "DataAccess\DataAccess.csproj", "{B0BFCFB4-FDFA-4138-9F80-E1521C056B93}"
EndProject
Global
	GlobalSection(SolutionConfigurationPlatforms) = preSolution
		Debug|Any CPU = Debug|Any CPU
		Release|Any CPU = Release|Any CPU
	EndGlobalSection
	GlobalSection(ProjectConfigurationPlatforms) = postSolution
		{9A4FA72D-02D3-4275-A0B4-9781D95A684C}.Debug|Any CPU.ActiveCfg = Debug|Any CPU
		{9A4FA72D-02D3-4275-A0B4-9781D95A684C}.Debug|Any CPU.Build.0 = Debug|Any CPU
		{9A4FA72D-02D3-4275-A0B4-9781D95A684C}.Release|Any CPU.ActiveCfg = Release|Any CPU
		{9A4FA72D-02D3-4275-A0B4-9781D95A684C}.Release|Any CPU.Build.0 = Release|Any CPU
		{2C191D12-1806-4C3B-BF8F-9E04BE2E18ED}.Debug|Any CPU.ActiveCfg = Debug|Any CPU
		{2C191D12-1806-4C3B-BF8F-9E04BE2E18ED}.Debug|Any CPU.Build.0 = Debug|Any CPU
		{2C191D12-1806-4C3B-BF8F-9E04BE2E18ED}.Release|Any CPU.ActiveCfg = Release|Any CPU
		{2C191D12-1806-4C3B-BF8F-9E04BE2E18ED}.Release|Any CPU.Build.0 = Release|Any CPU
		{BF3386EF-64A4-4B52-94D3-534DA7E64348}.Debug|Any CPU.ActiveCfg = Debug|Any CPU
		{BF3386EF-64A4-4B52-94D3-534DA7E64348}.Debug|Any CPU.Build.0 = Debug|Any CPU
		{BF3386EF-64A4-4B52-94D3-534DA7E64348}.Release|Any CPU.ActiveCfg = Release|Any CPU
		{BF3386EF-64A4-4B52-94D3-534DA7E64348}.Release|Any CPU.Build.0 = Release|Any CPU
		{C43AA11D-6708-403B-A965-141762068166}.Debug|Any CPU.ActiveCfg = Debug|Any CPU
		{C43AA11D-6708-403B-A965-141762068166}.Debug|Any CPU.Build.0 = Debug|Any CPU
		{C43AA11D-6708-403B-A965-141762068166}.Release|Any CPU.ActiveCfg = Release|Any CPU
		{C43AA11D-6708-403B-A965-141762068166}.Release|Any CPU.Build.0 = Release|Any CPU
		{B0BFCFB4-FDFA-4138-9F80-E1521C056B93}.Debug|Any CPU.ActiveCfg = Debug|Any CPU
		{B0BFCFB4-FDFA-4138-9F80-E1521C056B93}.Debug|Any CPU.Build.0 = Debug|Any CPU
		{B0BFCFB4-FDFA-4138-9F80-E1521C056B93}.Release|Any CPU.ActiveCfg = Release|Any CPU
		{B0BFCFB4-FDFA-4138-9F80-E1521C056B93}.Release|Any CPU.Build.0 = Release|Any CPU
	EndGlobalSection
	GlobalSection(SolutionProperties) = preSolution
		HideSolutionNode = FALSE
	EndGlobalSection
	GlobalSection(ExtensibilityGlobals) = postSolution
		SolutionGuid = {F0C078FE-B934-4419-9575-326D026D5B1B}
	EndGlobalSection
EndGlobal
